
Microsoft Visual Studio Solution File, Format Version 12.00
# Visual Studio Version 17
VisualStudioVersion = 17.7.34024.191
MinimumVisualStudioVersion = 10.0.40219.1
Project("{8BC9CEB8-8B4A-11D0-8D11-00A0C91BC942}") = "lab4_5", "lab4_5\task.vcxproj", "{C187D9ED-ACA7-4393-BC97-219267CC4446}"
EndProject
Project("{8BC9CEB8-8B4A-11D0-8D11-00A0C91BC942}") = "lab6", "lab6\lab6.vcxproj", "{708A526D-A31F-49CE-B4AC-B71FCDA7D6F2}"
EndProject
Project("{8BC9CEB8-8B4A-11D0-8D11-00A0C91BC942}") = "lab7", "lab7\lab7.vcxproj", "{09EB4F74-E66A-48CB-8BA4-28CAC4EB70BA}"
EndProject
Project("{8BC9CEB8-8B4A-11D0-8D11-00A0C91BC942}") = "lab8_lr7", "lab8_lr7\lab8_lr7.vcxproj", "{A809CB05-00BE-48C7-B983-99C51D9D5304}"
EndProject
Project("{8BC9CEB8-8B4A-11D0-8D11-00A0C91BC942}") = "lab8_lr4_5", "lab8_lr4_5\lab8_lr4_5.vcxproj", "{49D6397F-BC0B-4189-B4B3-9F1E664D30C2}"
EndProject
Project("{8BC9CEB8-8B4A-11D0-8D11-00A0C91BC942}") = "lab9", "lab9\lab9.vcxproj", "{CBA2A4AE-0B4F-4433-982A-2305A24E3780}"
EndProject
Project("{8BC9CEB8-8B4A-11D0-8D11-00A0C91BC942}") = "lab9_2", "lab9_2\lab9_2.vcxproj", "{384422F9-0A80-4635-860B-9C794593BC66}"
EndProject
Project("{8BC9CEB8-8B4A-11D0-8D11-00A0C91BC942}") = "lab10", "lab10\lab10.vcxproj", "{50BA2727-B466-486E-8963-6AADB1CA393A}"
EndProject
Project("{8BC9CEB8-8B4A-11D0-8D11-00A0C91BC942}") = "lab11", "lab11\lab11.vcxproj", "{A2A3B799-B8A4-47DA-B03A-96C51D70790B}"
EndProject
Global
	GlobalSection(SolutionConfigurationPlatforms) = preSolution
		Debug|x64 = Debug|x64
		Debug|x86 = Debug|x86
		Release|x64 = Release|x64
		Release|x86 = Release|x86
	EndGlobalSection
	GlobalSection(ProjectConfigurationPlatforms) = postSolution
		{C187D9ED-ACA7-4393-BC97-219267CC4446}.Debug|x64.ActiveCfg = Debug|x64
		{C187D9ED-ACA7-4393-BC97-219267CC4446}.Debug|x64.Build.0 = Debug|x64
		{C187D9ED-ACA7-4393-BC97-219267CC4446}.Debug|x86.ActiveCfg = Debug|Win32
		{C187D9ED-ACA7-4393-BC97-219267CC4446}.Debug|x86.Build.0 = Debug|Win32
		{C187D9ED-ACA7-4393-BC97-219267CC4446}.Release|x64.ActiveCfg = Release|x64
		{C187D9ED-ACA7-4393-BC97-219267CC4446}.Release|x64.Build.0 = Release|x64
		{C187D9ED-ACA7-4393-BC97-219267CC4446}.Release|x86.ActiveCfg = Release|Win32
		{C187D9ED-ACA7-4393-BC97-219267CC4446}.Release|x86.Build.0 = Release|Win32
		{708A526D-A31F-49CE-B4AC-B71FCDA7D6F2}.Debug|x64.ActiveCfg = Debug|x64
		{708A526D-A31F-49CE-B4AC-B71FCDA7D6F2}.Debug|x64.Build.0 = Debug|x64
		{708A526D-A31F-49CE-B4AC-B71FCDA7D6F2}.Debug|x86.ActiveCfg = Debug|Win32
		{708A526D-A31F-49CE-B4AC-B71FCDA7D6F2}.Debug|x86.Build.0 = Debug|Win32
		{708A526D-A31F-49CE-B4AC-B71FCDA7D6F2}.Release|x64.ActiveCfg = Release|x64
		{708A526D-A31F-49CE-B4AC-B71FCDA7D6F2}.Release|x64.Build.0 = Release|x64
		{708A526D-A31F-49CE-B4AC-B71FCDA7D6F2}.Release|x86.ActiveCfg = Release|Win32
		{708A526D-A31F-49CE-B4AC-B71FCDA7D6F2}.Release|x86.Build.0 = Release|Win32
		{09EB4F74-E66A-48CB-8BA4-28CAC4EB70BA}.Debug|x64.ActiveCfg = Debug|x64
		{09EB4F74-E66A-48CB-8BA4-28CAC4EB70BA}.Debug|x64.Build.0 = Debug|x64
		{09EB4F74-E66A-48CB-8BA4-28CAC4EB70BA}.Debug|x86.ActiveCfg = Debug|Win32
		{09EB4F74-E66A-48CB-8BA4-28CAC4EB70BA}.Debug|x86.Build.0 = Debug|Win32
		{09EB4F74-E66A-48CB-8BA4-28CAC4EB70BA}.Release|x64.ActiveCfg = Release|x64
		{09EB4F74-E66A-48CB-8BA4-28CAC4EB70BA}.Release|x64.Build.0 = Release|x64
		{09EB4F74-E66A-48CB-8BA4-28CAC4EB70BA}.Release|x86.ActiveCfg = Release|Win32
		{09EB4F74-E66A-48CB-8BA4-28CAC4EB70BA}.Release|x86.Build.0 = Release|Win32
		{A809CB05-00BE-48C7-B983-99C51D9D5304}.Debug|x64.ActiveCfg = Debug|x64
		{A809CB05-00BE-48C7-B983-99C51D9D5304}.Debug|x64.Build.0 = Debug|x64
		{A809CB05-00BE-48C7-B983-99C51D9D5304}.Debug|x86.ActiveCfg = Debug|Win32
		{A809CB05-00BE-48C7-B983-99C51D9D5304}.Debug|x86.Build.0 = Debug|Win32
		{A809CB05-00BE-48C7-B983-99C51D9D5304}.Release|x64.ActiveCfg = Release|x64
		{A809CB05-00BE-48C7-B983-99C51D9D5304}.Release|x64.Build.0 = Release|x64
		{A809CB05-00BE-48C7-B983-99C51D9D5304}.Release|x86.ActiveCfg = Release|Win32
		{A809CB05-00BE-48C7-B983-99C51D9D5304}.Release|x86.Build.0 = Release|Win32
		{49D6397F-BC0B-4189-B4B3-9F1E664D30C2}.Debug|x64.ActiveCfg = Debug|x64
		{49D6397F-BC0B-4189-B4B3-9F1E664D30C2}.Debug|x64.Build.0 = Debug|x64
		{49D6397F-BC0B-4189-B4B3-9F1E664D30C2}.Debug|x86.ActiveCfg = Debug|Win32
		{49D6397F-BC0B-4189-B4B3-9F1E664D30C2}.Debug|x86.Build.0 = Debug|Win32
		{49D6397F-BC0B-4189-B4B3-9F1E664D30C2}.Release|x64.ActiveCfg = Release|x64
		{49D6397F-BC0B-4189-B4B3-9F1E664D30C2}.Release|x64.Build.0 = Release|x64
		{49D6397F-BC0B-4189-B4B3-9F1E664D30C2}.Release|x86.ActiveCfg = Release|Win32
		{49D6397F-BC0B-4189-B4B3-9F1E664D30C2}.Release|x86.Build.0 = Release|Win32
		{CBA2A4AE-0B4F-4433-982A-2305A24E3780}.Debug|x64.ActiveCfg = Debug|x64
		{CBA2A4AE-0B4F-4433-982A-2305A24E3780}.Debug|x64.Build.0 = Debug|x64
		{CBA2A4AE-0B4F-4433-982A-2305A24E3780}.Debug|x86.ActiveCfg = Debug|Win32
		{CBA2A4AE-0B4F-4433-982A-2305A24E3780}.Debug|x86.Build.0 = Debug|Win32
		{CBA2A4AE-0B4F-4433-982A-2305A24E3780}.Release|x64.ActiveCfg = Release|x64
		{CBA2A4AE-0B4F-4433-982A-2305A24E3780}.Release|x64.Build.0 = Release|x64
		{CBA2A4AE-0B4F-4433-982A-2305A24E3780}.Release|x86.ActiveCfg = Release|Win32
		{CBA2A4AE-0B4F-4433-982A-2305A24E3780}.Release|x86.Build.0 = Release|Win32
		{384422F9-0A80-4635-860B-9C794593BC66}.Debug|x64.ActiveCfg = Debug|x64
		{384422F9-0A80-4635-860B-9C794593BC66}.Debug|x64.Build.0 = Debug|x64
		{384422F9-0A80-4635-860B-9C794593BC66}.Debug|x86.ActiveCfg = Debug|Win32
		{384422F9-0A80-4635-860B-9C794593BC66}.Debug|x86.Build.0 = Debug|Win32
		{384422F9-0A80-4635-860B-9C794593BC66}.Release|x64.ActiveCfg = Release|x64
		{384422F9-0A80-4635-860B-9C794593BC66}.Release|x64.Build.0 = Release|x64
		{384422F9-0A80-4635-860B-9C794593BC66}.Release|x86.ActiveCfg = Release|Win32
		{384422F9-0A80-4635-860B-9C794593BC66}.Release|x86.Build.0 = Release|Win32
		{50BA2727-B466-486E-8963-6AADB1CA393A}.Debug|x64.ActiveCfg = Debug|x64
		{50BA2727-B466-486E-8963-6AADB1CA393A}.Debug|x64.Build.0 = Debug|x64
		{50BA2727-B466-486E-8963-6AADB1CA393A}.Debug|x86.ActiveCfg = Debug|Win32
		{50BA2727-B466-486E-8963-6AADB1CA393A}.Debug|x86.Build.0 = Debug|Win32
		{50BA2727-B466-486E-8963-6AADB1CA393A}.Release|x64.ActiveCfg = Release|x64
		{50BA2727-B466-486E-8963-6AADB1CA393A}.Release|x64.Build.0 = Release|x64
		{50BA2727-B466-486E-8963-6AADB1CA393A}.Release|x86.ActiveCfg = Release|Win32
		{50BA2727-B466-486E-8963-6AADB1CA393A}.Release|x86.Build.0 = Release|Win32
		{A2A3B799-B8A4-47DA-B03A-96C51D70790B}.Debug|x64.ActiveCfg = Debug|x64
		{A2A3B799-B8A4-47DA-B03A-96C51D70790B}.Debug|x64.Build.0 = Debug|x64
		{A2A3B799-B8A4-47DA-B03A-96C51D70790B}.Debug|x86.ActiveCfg = Debug|Win32
		{A2A3B799-B8A4-47DA-B03A-96C51D70790B}.Debug|x86.Build.0 = Debug|Win32
		{A2A3B799-B8A4-47DA-B03A-96C51D70790B}.Release|x64.ActiveCfg = Release|x64
		{A2A3B799-B8A4-47DA-B03A-96C51D70790B}.Release|x64.Build.0 = Release|x64
		{A2A3B799-B8A4-47DA-B03A-96C51D70790B}.Release|x86.ActiveCfg = Release|Win32
		{A2A3B799-B8A4-47DA-B03A-96C51D70790B}.Release|x86.Build.0 = Release|Win32
	EndGlobalSection
	GlobalSection(SolutionProperties) = preSolution
		HideSolutionNode = FALSE
	EndGlobalSection
	GlobalSection(ExtensibilityGlobals) = postSolution
		SolutionGuid = {51360EC7-57F7-4951-AA5D-425F6FE78AC0}
	EndGlobalSection
EndGlobal
